{
  "name": "15 - typescript-theory",
  "lockfileVersion": 3,
  "requires": true,
  "packages": {
    "": {
      "dependencies": {
        "tsc-node": "^0.0.3",
        "typescript": "^5.7.3"
      }
    },
    "node_modules/tsc-node": {
      "version": "0.0.3",
      "resolved": "https://registry.npmjs.org/tsc-node/-/tsc-node-0.0.3.tgz",
      "integrity": "sha512-cCfkuHFGRUS5afZhabC9a8KEY1KD2X85KmXUu20HUUFXzJMHGfUvc6t++sy9p02dAscZsNfxKcUVbFLhTltTcA==",
      "license": "MIT",
      "dependencies": {
        "typescript": "^2.1.5"
      }
    },
    "node_modules/tsc-node/node_modules/typescript": {
      "version": "2.9.2",
      "resolved": "https://registry.npmjs.org/typescript/-/typescript-2.9.2.tgz",
      "integrity": "sha512-Gr4p6nFNaoufRIY4NMdpQRNmgxVIGMs4Fcu/ujdYk3nAZqk7supzBE9idmvfZIlH/Cuj//dvi+019qEue9lV0w==",
      "license": "Apache-2.0",
      "bin": {
        "tsc": "bin/tsc",
        "tsserver": "bin/tsserver"
      },
      "engines": {
        "node": ">=4.2.0"
      }
    },
    "node_modules/typescript": {
      "version": "5.7.3",
      "resolved": "https://registry.npmjs.org/typescript/-/typescript-5.7.3.tgz",
      "integrity": "sha512-84MVSjMEHP+FQRPy3pX9sTVV/INIex71s9TL2Gm5FG/WG1SqXeKyZ0k7/blY/4FdOzI12CBy1vGc4og/eus0fw==",
      "license": "Apache-2.0",
      "bin": {
        "tsc": "bin/tsc",
        "tsserver": "bin/tsserver"
      },
      "engines": {
        "node": ">=14.17"
      }
    }
  }
}
